// !$*UTF8*$!
{
	archiveVersion = 1;
	classes = {
	};
	objectVersion = 51;
	objects = {

/* Begin PBXBuildFile section */
		55018A58231EBCDB00F7E6ED /* LoadImage.swift in Sources */ = {isa = PBXBuildFile; fileRef = 55018A57231EBCDB00F7E6ED /* LoadImage.swift */; };
		55D0EE11231D2A78003FA995 /* AppDelegate.swift in Sources */ = {isa = PBXBuildFile; fileRef = 55D0EE10231D2A78003FA995 /* AppDelegate.swift */; };
		55D0EE18231D2A79003FA995 /* Assets.xcassets in Resources */ = {isa = PBXBuildFile; fileRef = 55D0EE17231D2A79003FA995 /* Assets.xcassets */; };
		55D0EE1B231D2A79003FA995 /* LaunchScreen.storyboard in Resources */ = {isa = PBXBuildFile; fileRef = 55D0EE19231D2A79003FA995 /* LaunchScreen.storyboard */; };
		55D0EE32231D2BA8003FA995 /* MainPresenter.swift in Sources */ = {isa = PBXBuildFile; fileRef = 55D0EE2A231D2BA8003FA995 /* MainPresenter.swift */; };
		55D0EE34231D2BA8003FA995 /* MainRouter.swift in Sources */ = {isa = PBXBuildFile; fileRef = 55D0EE2C231D2BA8003FA995 /* MainRouter.swift */; };
		55D0EE35231D2BA8003FA995 /* MainModels.swift in Sources */ = {isa = PBXBuildFile; fileRef = 55D0EE2D231D2BA8003FA995 /* MainModels.swift */; };
		55D0EE36231D2BA8003FA995 /* MainViewController.swift in Sources */ = {isa = PBXBuildFile; fileRef = 55D0EE2E231D2BA8003FA995 /* MainViewController.swift */; };
		55D0EE37231D2BA8003FA995 /* MainInteractor.swift in Sources */ = {isa = PBXBuildFile; fileRef = 55D0EE2F231D2BA8003FA995 /* MainInteractor.swift */; };
		55D0EE42231D2BD6003FA995 /* DetailPresenter.swift in Sources */ = {isa = PBXBuildFile; fileRef = 55D0EE3A231D2BD6003FA995 /* DetailPresenter.swift */; };
		55D0EE44231D2BD6003FA995 /* DetailRouter.swift in Sources */ = {isa = PBXBuildFile; fileRef = 55D0EE3C231D2BD6003FA995 /* DetailRouter.swift */; };
		55D0EE45231D2BD6003FA995 /* DetailModels.swift in Sources */ = {isa = PBXBuildFile; fileRef = 55D0EE3D231D2BD6003FA995 /* DetailModels.swift */; };
		55D0EE46231D2BD6003FA995 /* DetailViewController.swift in Sources */ = {isa = PBXBuildFile; fileRef = 55D0EE3E231D2BD6003FA995 /* DetailViewController.swift */; };
		55D0EE47231D2BD6003FA995 /* DetailInteractor.swift in Sources */ = {isa = PBXBuildFile; fileRef = 55D0EE3F231D2BD6003FA995 /* DetailInteractor.swift */; };
		55D0EE4F231D2CEF003FA995 /* MovieCell.swift in Sources */ = {isa = PBXBuildFile; fileRef = 55D0EE4D231D2CEF003FA995 /* MovieCell.swift */; };
		55D0EE50231D2CEF003FA995 /* MovieCell.xib in Resources */ = {isa = PBXBuildFile; fileRef = 55D0EE4E231D2CEF003FA995 /* MovieCell.xib */; };
		55D0EE52231E0BC3003FA995 /* Detail.storyboard in Resources */ = {isa = PBXBuildFile; fileRef = 55D0EE51231E0BC3003FA995 /* Detail.storyboard */; };
		55D0EE54231E0BD9003FA995 /* Main.storyboard in Resources */ = {isa = PBXBuildFile; fileRef = 55D0EE53231E0BD9003FA995 /* Main.storyboard */; };
		55D0EE59231E0D0F003FA995 /* star-tap.png in Resources */ = {isa = PBXBuildFile; fileRef = 55D0EE57231E0D0E003FA995 /* star-tap.png */; };
		55D0EE5A231E0D0F003FA995 /* star.png in Resources */ = {isa = PBXBuildFile; fileRef = 55D0EE58231E0D0F003FA995 /* star.png */; };
		55D0EE5C231E252B003FA995 /* MovieModel.swift in Sources */ = {isa = PBXBuildFile; fileRef = 55D0EE5B231E252B003FA995 /* MovieModel.swift */; };
		55D0EE5E231E26EC003FA995 /* DetailModel.swift in Sources */ = {isa = PBXBuildFile; fileRef = 55D0EE5D231E26EC003FA995 /* DetailModel.swift */; };
		55D0EE63231E4019003FA995 /* MovieRestStore.swift in Sources */ = {isa = PBXBuildFile; fileRef = 55D0EE62231E4019003FA995 /* MovieRestStore.swift */; };
		55D0EE65231E4035003FA995 /* MovieWorker.swift in Sources */ = {isa = PBXBuildFile; fileRef = 55D0EE64231E4035003FA995 /* MovieWorker.swift */; };
		CA803052859426D35CF84BE7 /* Pods_MovieList.framework in Frameworks */ = {isa = PBXBuildFile; fileRef = 689FEFA59493C02723D50B70 /* Pods_MovieList.framework */; };
/* End PBXBuildFile section */

/* Begin PBXFileReference section */
		55018A57231EBCDB00F7E6ED /* LoadImage.swift */ = {isa = PBXFileReference; fileEncoding = 4; lastKnownFileType = sourcecode.swift; path = LoadImage.swift; sourceTree = "<group>"; };
		55D0EE0D231D2A78003FA995 /* MovieList.app */ = {isa = PBXFileReference; explicitFileType = wrapper.application; includeInIndex = 0; path = MovieList.app; sourceTree = BUILT_PRODUCTS_DIR; };
		55D0EE10231D2A78003FA995 /* AppDelegate.swift */ = {isa = PBXFileReference; lastKnownFileType = sourcecode.swift; path = AppDelegate.swift; sourceTree = "<group>"; };
		55D0EE17231D2A79003FA995 /* Assets.xcassets */ = {isa = PBXFileReference; lastKnownFileType = folder.assetcatalog; path = Assets.xcassets; sourceTree = "<group>"; };
		55D0EE1A231D2A79003FA995 /* Base */ = {isa = PBXFileReference; lastKnownFileType = file.storyboard; name = Base; path = Base.lproj/LaunchScreen.storyboard; sourceTree = "<group>"; };
		55D0EE1C231D2A79003FA995 /* Info.plist */ = {isa = PBXFileReference; lastKnownFileType = text.plist.xml; path = Info.plist; sourceTree = "<group>"; };
		55D0EE2A231D2BA8003FA995 /* MainPresenter.swift */ = {isa = PBXFileReference; lastKnownFileType = sourcecode.swift; path = MainPresenter.swift; sourceTree = "<group>"; };
		55D0EE2C231D2BA8003FA995 /* MainRouter.swift */ = {isa = PBXFileReference; lastKnownFileType = sourcecode.swift; path = MainRouter.swift; sourceTree = "<group>"; };
		55D0EE2D231D2BA8003FA995 /* MainModels.swift */ = {isa = PBXFileReference; lastKnownFileType = sourcecode.swift; path = MainModels.swift; sourceTree = "<group>"; };
		55D0EE2E231D2BA8003FA995 /* MainViewController.swift */ = {isa = PBXFileReference; lastKnownFileType = sourcecode.swift; path = MainViewController.swift; sourceTree = "<group>"; };
		55D0EE2F231D2BA8003FA995 /* MainInteractor.swift */ = {isa = PBXFileReference; lastKnownFileType = sourcecode.swift; path = MainInteractor.swift; sourceTree = "<group>"; };
		55D0EE3A231D2BD6003FA995 /* DetailPresenter.swift */ = {isa = PBXFileReference; lastKnownFileType = sourcecode.swift; path = DetailPresenter.swift; sourceTree = "<group>"; };
		55D0EE3C231D2BD6003FA995 /* DetailRouter.swift */ = {isa = PBXFileReference; lastKnownFileType = sourcecode.swift; path = DetailRouter.swift; sourceTree = "<group>"; };
		55D0EE3D231D2BD6003FA995 /* DetailModels.swift */ = {isa = PBXFileReference; lastKnownFileType = sourcecode.swift; path = DetailModels.swift; sourceTree = "<group>"; };
		55D0EE3E231D2BD6003FA995 /* DetailViewController.swift */ = {isa = PBXFileReference; lastKnownFileType = sourcecode.swift; path = DetailViewController.swift; sourceTree = "<group>"; };
		55D0EE3F231D2BD6003FA995 /* DetailInteractor.swift */ = {isa = PBXFileReference; lastKnownFileType = sourcecode.swift; path = DetailInteractor.swift; sourceTree = "<group>"; };
		55D0EE4D231D2CEF003FA995 /* MovieCell.swift */ = {isa = PBXFileReference; lastKnownFileType = sourcecode.swift; path = MovieCell.swift; sourceTree = "<group>"; };
		55D0EE4E231D2CEF003FA995 /* MovieCell.xib */ = {isa = PBXFileReference; lastKnownFileType = file.xib; path = MovieCell.xib; sourceTree = "<group>"; };
		55D0EE51231E0BC3003FA995 /* Detail.storyboard */ = {isa = PBXFileReference; lastKnownFileType = file.storyboard; path = Detail.storyboard; sourceTree = "<group>"; };
		55D0EE53231E0BD9003FA995 /* Main.storyboard */ = {isa = PBXFileReference; lastKnownFileType = file.storyboard; path = Main.storyboard; sourceTree = "<group>"; };
		55D0EE57231E0D0E003FA995 /* star-tap.png */ = {isa = PBXFileReference; lastKnownFileType = image.png; path = "star-tap.png"; sourceTree = "<group>"; };
		55D0EE58231E0D0F003FA995 /* star.png */ = {isa = PBXFileReference; lastKnownFileType = image.png; path = star.png; sourceTree = "<group>"; };
		55D0EE5B231E252B003FA995 /* MovieModel.swift */ = {isa = PBXFileReference; lastKnownFileType = sourcecode.swift; path = MovieModel.swift; sourceTree = "<group>"; };
		55D0EE5D231E26EC003FA995 /* DetailModel.swift */ = {isa = PBXFileReference; lastKnownFileType = sourcecode.swift; path = DetailModel.swift; sourceTree = "<group>"; };
		55D0EE62231E4019003FA995 /* MovieRestStore.swift */ = {isa = PBXFileReference; lastKnownFileType = sourcecode.swift; path = MovieRestStore.swift; sourceTree = "<group>"; };
		55D0EE64231E4035003FA995 /* MovieWorker.swift */ = {isa = PBXFileReference; lastKnownFileType = sourcecode.swift; path = MovieWorker.swift; sourceTree = "<group>"; };
		689FEFA59493C02723D50B70 /* Pods_MovieList.framework */ = {isa = PBXFileReference; explicitFileType = wrapper.framework; includeInIndex = 0; path = Pods_MovieList.framework; sourceTree = BUILT_PRODUCTS_DIR; };
		6C6EC17EB4E4598505B0CBEF /* Pods-MovieList.release.xcconfig */ = {isa = PBXFileReference; includeInIndex = 1; lastKnownFileType = text.xcconfig; name = "Pods-MovieList.release.xcconfig"; path = "Target Support Files/Pods-MovieList/Pods-MovieList.release.xcconfig"; sourceTree = "<group>"; };
		F7AA0BE530BE0AB62379CF0E /* Pods-MovieList.debug.xcconfig */ = {isa = PBXFileReference; includeInIndex = 1; lastKnownFileType = text.xcconfig; name = "Pods-MovieList.debug.xcconfig"; path = "Target Support Files/Pods-MovieList/Pods-MovieList.debug.xcconfig"; sourceTree = "<group>"; };
/* End PBXFileReference section */

/* Begin PBXFrameworksBuildPhase section */
		55D0EE0A231D2A78003FA995 /* Frameworks */ = {
			isa = PBXFrameworksBuildPhase;
			buildActionMask = 2147483647;
			files = (
				CA803052859426D35CF84BE7 /* Pods_MovieList.framework in Frameworks */,
			);
			runOnlyForDeploymentPostprocessing = 0;
		};
/* End PBXFrameworksBuildPhase section */

/* Begin PBXGroup section */
		33B12A9011C1E0D46601DEA6 /* Pods */ = {
			isa = PBXGroup;
			children = (
				F7AA0BE530BE0AB62379CF0E /* Pods-MovieList.debug.xcconfig */,
				6C6EC17EB4E4598505B0CBEF /* Pods-MovieList.release.xcconfig */,
			);
			path = Pods;
			sourceTree = "<group>";
		};
		4E7E3EB864C74528D48F9657 /* Frameworks */ = {
			isa = PBXGroup;
			children = (
				689FEFA59493C02723D50B70 /* Pods_MovieList.framework */,
			);
			name = Frameworks;
			sourceTree = "<group>";
		};
		55018A56231EBCB200F7E6ED /* Helper */ = {
			isa = PBXGroup;
			children = (
				55018A57231EBCDB00F7E6ED /* LoadImage.swift */,
			);
			path = Helper;
			sourceTree = "<group>";
		};
		55D0EE04231D2A78003FA995 = {
			isa = PBXGroup;
			children = (
				55D0EE0F231D2A78003FA995 /* MovieList */,
				55D0EE0E231D2A78003FA995 /* Products */,
				33B12A9011C1E0D46601DEA6 /* Pods */,
				4E7E3EB864C74528D48F9657 /* Frameworks */,
			);
			sourceTree = "<group>";
		};
		55D0EE0E231D2A78003FA995 /* Products */ = {
			isa = PBXGroup;
			children = (
				55D0EE0D231D2A78003FA995 /* MovieList.app */,
			);
			name = Products;
			sourceTree = "<group>";
		};
		55D0EE0F231D2A78003FA995 /* MovieList */ = {
			isa = PBXGroup;
			children = (
				55018A56231EBCB200F7E6ED /* Helper */,
				55D0EE22231D2AD4003FA995 /* Scene */,
				55D0EE10231D2A78003FA995 /* AppDelegate.swift */,
				55D0EE17231D2A79003FA995 /* Assets.xcassets */,
				55D0EE19231D2A79003FA995 /* LaunchScreen.storyboard */,
				55D0EE1C231D2A79003FA995 /* Info.plist */,
			);
			path = MovieList;
			sourceTree = "<group>";
		};
		55D0EE22231D2AD4003FA995 /* Scene */ = {
			isa = PBXGroup;
			children = (
				55D0EE26231D2B3C003FA995 /* Main */,
				55D0EE27231D2B47003FA995 /* Detail */,
				55D0EE25231D2B32003FA995 /* Model */,
				55D0EE24231D2B26003FA995 /* Store */,
				55D0EE23231D2B20003FA995 /* Worker */,
				55D0EE55231E0CC5003FA995 /* Resource */,
			);
			path = Scene;
			sourceTree = "<group>";
		};
		55D0EE23231D2B20003FA995 /* Worker */ = {
			isa = PBXGroup;
			children = (
				55D0EE64231E4035003FA995 /* MovieWorker.swift */,
			);
			path = Worker;
			sourceTree = "<group>";
		};
		55D0EE24231D2B26003FA995 /* Store */ = {
			isa = PBXGroup;
			children = (
				55D0EE62231E4019003FA995 /* MovieRestStore.swift */,
			);
			path = Store;
			sourceTree = "<group>";
		};
		55D0EE25231D2B32003FA995 /* Model */ = {
			isa = PBXGroup;
			children = (
				55D0EE5B231E252B003FA995 /* MovieModel.swift */,
				55D0EE5D231E26EC003FA995 /* DetailModel.swift */,
			);
			path = Model;
			sourceTree = "<group>";
		};
		55D0EE26231D2B3C003FA995 /* Main */ = {
			isa = PBXGroup;
			children = (
				55D0EE28231D2B58003FA995 /* Cell */,
				55D0EE53231E0BD9003FA995 /* Main.storyboard */,
				55D0EE2E231D2BA8003FA995 /* MainViewController.swift */,
				55D0EE2F231D2BA8003FA995 /* MainInteractor.swift */,
				55D0EE2A231D2BA8003FA995 /* MainPresenter.swift */,
				55D0EE2C231D2BA8003FA995 /* MainRouter.swift */,
				55D0EE2D231D2BA8003FA995 /* MainModels.swift */,
			);
			path = Main;
			sourceTree = "<group>";
		};
		55D0EE27231D2B47003FA995 /* Detail */ = {
			isa = PBXGroup;
			children = (
				55D0EE51231E0BC3003FA995 /* Detail.storyboard */,
				55D0EE3E231D2BD6003FA995 /* DetailViewController.swift */,
				55D0EE3F231D2BD6003FA995 /* DetailInteractor.swift */,
				55D0EE3A231D2BD6003FA995 /* DetailPresenter.swift */,
				55D0EE3C231D2BD6003FA995 /* DetailRouter.swift */,
				55D0EE3D231D2BD6003FA995 /* DetailModels.swift */,
			);
			path = Detail;
			sourceTree = "<group>";
		};
		55D0EE28231D2B58003FA995 /* Cell */ = {
			isa = PBXGroup;
			children = (
				55D0EE4D231D2CEF003FA995 /* MovieCell.swift */,
				55D0EE4E231D2CEF003FA995 /* MovieCell.xib */,
			);
			path = Cell;
			sourceTree = "<group>";
		};
		55D0EE55231E0CC5003FA995 /* Resource */ = {
			isa = PBXGroup;
			children = (
				55D0EE56231E0CFB003FA995 /* Image */,
			);
			path = Resource;
			sourceTree = "<group>";
		};
		55D0EE56231E0CFB003FA995 /* Image */ = {
			isa = PBXGroup;
			children = (
				55D0EE57231E0D0E003FA995 /* star-tap.png */,
				55D0EE58231E0D0F003FA995 /* star.png */,
			);
			path = Image;
			sourceTree = "<group>";
		};
/* End PBXGroup section */

/* Begin PBXNativeTarget section */
		55D0EE0C231D2A78003FA995 /* MovieList */ = {
			isa = PBXNativeTarget;
			buildConfigurationList = 55D0EE1F231D2A79003FA995 /* Build configuration list for PBXNativeTarget "MovieList" */;
			buildPhases = (
				5EACDC1EBFF02B2B10824B26 /* [CP] Check Pods Manifest.lock */,
				55D0EE09231D2A78003FA995 /* Sources */,
				55D0EE0A231D2A78003FA995 /* Frameworks */,
				55D0EE0B231D2A78003FA995 /* Resources */,
				3BEEBDD7A446FBB1F65543D7 /* [CP] Embed Pods Frameworks */,
			);
			buildRules = (
			);
			dependencies = (
			);
			name = MovieList;
			productName = MovieList;
			productReference = 55D0EE0D231D2A78003FA995 /* MovieList.app */;
			productType = "com.apple.product-type.application";
		};
/* End PBXNativeTarget section */

/* Begin PBXProject section */
		55D0EE05231D2A78003FA995 /* Project object */ = {
			isa = PBXProject;
			attributes = {
				LastSwiftUpdateCheck = 1020;
				LastUpgradeCheck = 1020;
				ORGANIZATIONNAME = "Nanthicha Kritveeranant";
				TargetAttributes = {
					55D0EE0C231D2A78003FA995 = {
						CreatedOnToolsVersion = 10.2.1;
					};
				};
			};
			buildConfigurationList = 55D0EE08231D2A78003FA995 /* Build configuration list for PBXProject "MovieList" */;
			compatibilityVersion = "Xcode 9.3";
			developmentRegion = en;
			hasScannedForEncodings = 0;
			knownRegions = (
				en,
				Base,
			);
			mainGroup = 55D0EE04231D2A78003FA995;
			productRefGroup = 55D0EE0E231D2A78003FA995 /* Products */;
			projectDirPath = "";
			projectRoot = "";
			targets = (
				55D0EE0C231D2A78003FA995 /* MovieList */,
			);
		};
/* End PBXProject section */

/* Begin PBXResourcesBuildPhase section */
		55D0EE0B231D2A78003FA995 /* Resources */ = {
			isa = PBXResourcesBuildPhase;
			buildActionMask = 2147483647;
			files = (
				55D0EE50231D2CEF003FA995 /* MovieCell.xib in Resources */,
				55D0EE54231E0BD9003FA995 /* Main.storyboard in Resources */,
				55D0EE1B231D2A79003FA995 /* LaunchScreen.storyboard in Resources */,
				55D0EE59231E0D0F003FA995 /* star-tap.png in Resources */,
				55D0EE5A231E0D0F003FA995 /* star.png in Resources */,
				55D0EE18231D2A79003FA995 /* Assets.xcassets in Resources */,
				55D0EE52231E0BC3003FA995 /* Detail.storyboard in Resources */,
			);
			runOnlyForDeploymentPostprocessing = 0;
		};
/* End PBXResourcesBuildPhase section */

/* Begin PBXShellScriptBuildPhase section */
		3BEEBDD7A446FBB1F65543D7 /* [CP] Embed Pods Frameworks */ = {
			isa = PBXShellScriptBuildPhase;
			buildActionMask = 2147483647;
			files = (
			);
			inputFileListPaths = (
				"${PODS_ROOT}/Target Support Files/Pods-MovieList/Pods-MovieList-frameworks-${CONFIGURATION}-input-files.xcfilelist",
			);
			name = "[CP] Embed Pods Frameworks";
			outputFileListPaths = (
				"${PODS_ROOT}/Target Support Files/Pods-MovieList/Pods-MovieList-frameworks-${CONFIGURATION}-output-files.xcfilelist",
			);
			runOnlyForDeploymentPostprocessing = 0;
			shellPath = /bin/sh;
			shellScript = "\"${PODS_ROOT}/Target Support Files/Pods-MovieList/Pods-MovieList-frameworks.sh\"\n";
			showEnvVarsInLog = 0;
		};
		5EACDC1EBFF02B2B10824B26 /* [CP] Check Pods Manifest.lock */ = {
			isa = PBXShellScriptBuildPhase;
			buildActionMask = 2147483647;
			files = (
			);
			inputFileListPaths = (
			);
			inputPaths = (
				"${PODS_PODFILE_DIR_PATH}/Podfile.lock",
				"${PODS_ROOT}/Manifest.lock",
			);
			name = "[CP] Check Pods Manifest.lock";
			outputFileListPaths = (
			);
			outputPaths = (
				"$(DERIVED_FILE_DIR)/Pods-MovieList-checkManifestLockResult.txt",
			);
			runOnlyForDeploymentPostprocessing = 0;
			shellPath = /bin/sh;
			shellScript = "diff \"${PODS_PODFILE_DIR_PATH}/Podfile.lock\" \"${PODS_ROOT}/Manifest.lock\" > /dev/null\nif [ $? != 0 ] ; then\n    # print error to STDERR\n    echo \"error: The sandbox is not in sync with the Podfile.lock. Run 'pod install' or update your CocoaPods installation.\" >&2\n    exit 1\nfi\n# This output is used by Xcode 'outputs' to avoid re-running this script phase.\necho \"SUCCESS\" > \"${SCRIPT_OUTPUT_FILE_0}\"\n";
			showEnvVarsInLog = 0;
		};
/* End PBXShellScriptBuildPhase section */

/* Begin PBXSourcesBuildPhase section */
		55D0EE09231D2A78003FA995 /* Sources */ = {
			isa = PBXSourcesBuildPhase;
			buildActionMask = 2147483647;
			files = (
				55D0EE36231D2BA8003FA995 /* MainViewController.swift in Sources */,
				55D0EE34231D2BA8003FA995 /* MainRouter.swift in Sources */,
				55D0EE4F231D2CEF003FA995 /* MovieCell.swift in Sources */,
				55D0EE45231D2BD6003FA995 /* DetailModels.swift in Sources */,
				55D0EE44231D2BD6003FA995 /* DetailRouter.swift in Sources */,
				55018A58231EBCDB00F7E6ED /* LoadImage.swift in Sources */,
				55D0EE35231D2BA8003FA995 /* MainModels.swift in Sources */,
				55D0EE42231D2BD6003FA995 /* DetailPresenter.swift in Sources */,
				55D0EE63231E4019003FA995 /* MovieRestStore.swift in Sources */,
				55D0EE5C231E252B003FA995 /* MovieModel.swift in Sources */,
				55D0EE32231D2BA8003FA995 /* MainPresenter.swift in Sources */,
				55D0EE11231D2A78003FA995 /* AppDelegate.swift in Sources */,
				55D0EE37231D2BA8003FA995 /* MainInteractor.swift in Sources */,
				55D0EE46231D2BD6003FA995 /* DetailViewController.swift in Sources */,
				55D0EE5E231E26EC003FA995 /* DetailModel.swift in Sources */,
				55D0EE65231E4035003FA995 /* MovieWorker.swift in Sources */,
				55D0EE47231D2BD6003FA995 /* DetailInteractor.swift in Sources */,
			);
			runOnlyForDeploymentPostprocessing = 0;
		};
/* End PBXSourcesBuildPhase section */

/* Begin PBXVariantGroup section */
		55D0EE19231D2A79003FA995 /* LaunchScreen.storyboard */ = {
			isa = PBXVariantGroup;
			children = (
				55D0EE1A231D2A79003FA995 /* Base */,
			);
			name = LaunchScreen.storyboard;
			sourceTree = "<group>";
		};
/* End PBXVariantGroup section */

/* Begin XCBuildConfiguration section */
		55D0EE1D231D2A79003FA995 /* Debug */ = {
			isa = XCBuildConfiguration;
			buildSettings = {
				ALWAYS_SEARCH_USER_PATHS = NO;
				CLANG_ANALYZER_NONNULL = YES;
				CLANG_ANALYZER_NUMBER_OBJECT_CONVERSION = YES_AGGRESSIVE;
				CLANG_CXX_LANGUAGE_STANDARD = "gnu++14";
				CLANG_CXX_LIBRARY = "libc++";
				CLANG_ENABLE_MODULES = YES;
				CLANG_ENABLE_OBJC_ARC = YES;
				CLANG_ENABLE_OBJC_WEAK = YES;
				CLANG_WARN_BLOCK_CAPTURE_AUTORELEASING = YES;
				CLANG_WARN_BOOL_CONVERSION = YES;
				CLANG_WARN_COMMA = YES;
				CLANG_WARN_CONSTANT_CONVERSION = YES;
				CLANG_WARN_DEPRECATED_OBJC_IMPLEMENTATIONS = YES;
				CLANG_WARN_DIRECT_OBJC_ISA_USAGE = YES_ERROR;
				CLANG_WARN_DOCUMENTATION_COMMENTS = YES;
				CLANG_WARN_EMPTY_BODY = YES;
				CLANG_WARN_ENUM_CONVERSION = YES;
				CLANG_WARN_INFINITE_RECURSION = YES;
				CLANG_WARN_INT_CONVERSION = YES;
				CLANG_WARN_NON_LITERAL_NULL_CONVERSION = YES;
				CLANG_WARN_OBJC_IMPLICIT_RETAIN_SELF = YES;
				CLANG_WARN_OBJC_LITERAL_CONVERSION = YES;
				CLANG_WARN_OBJC_ROOT_CLASS = YES_ERROR;
				CLANG_WARN_RANGE_LOOP_ANALYSIS = YES;
				CLANG_WARN_STRICT_PROTOTYPES = YES;
				CLANG_WARN_SUSPICIOUS_MOVE = YES;
				CLANG_WARN_UNGUARDED_AVAILABILITY = YES_AGGRESSIVE;
				CLANG_WARN_UNREACHABLE_CODE = YES;
				CLANG_WARN__DUPLICATE_METHOD_MATCH = YES;
				CODE_SIGN_IDENTITY = "iPhone Developer";
				COPY_PHASE_STRIP = NO;
				DEBUG_INFORMATION_FORMAT = dwarf;
				ENABLE_STRICT_OBJC_MSGSEND = YES;
				ENABLE_TESTABILITY = YES;
				GCC_C_LANGUAGE_STANDARD = gnu11;
				GCC_DYNAMIC_NO_PIC = NO;
				GCC_NO_COMMON_BLOCKS = YES;
				GCC_OPTIMIZATION_LEVEL = 0;
				GCC_PREPROCESSOR_DEFINITIONS = (
					"DEBUG=1",
					"$(inherited)",
				);
				GCC_WARN_64_TO_32_BIT_CONVERSION = YES;
				GCC_WARN_ABOUT_RETURN_TYPE = YES_ERROR;
				GCC_WARN_UNDECLARED_SELECTOR = YES;
				GCC_WARN_UNINITIALIZED_AUTOS = YES_AGGRESSIVE;
				GCC_WARN_UNUSED_FUNCTION = YES;
				GCC_WARN_UNUSED_VARIABLE = YES;
				IPHONEOS_DEPLOYMENT_TARGET = 12.2;
				MTL_ENABLE_DEBUG_INFO = INCLUDE_SOURCE;
				MTL_FAST_MATH = YES;
				ONLY_ACTIVE_ARCH = YES;
				SDKROOT = iphoneos;
				SWIFT_ACTIVE_COMPILATION_CONDITIONS = DEBUG;
				SWIFT_OPTIMIZATION_LEVEL = "-Onone";
			};
			name = Debug;
		};
		55D0EE1E231D2A79003FA995 /* Release */ = {
			isa = XCBuildConfiguration;
			buildSettings = {
				ALWAYS_SEARCH_USER_PATHS = NO;
				CLANG_ANALYZER_NONNULL = YES;
				CLANG_ANALYZER_NUMBER_OBJECT_CONVERSION = YES_AGGRESSIVE;
				CLANG_CXX_LANGUAGE_STANDARD = "gnu++14";
				CLANG_CXX_LIBRARY = "libc++";
				CLANG_ENABLE_MODULES = YES;
				CLANG_ENABLE_OBJC_ARC = YES;
				CLANG_ENABLE_OBJC_WEAK = YES;
				CLANG_WARN_BLOCK_CAPTURE_AUTORELEASING = YES;
				CLANG_WARN_BOOL_CONVERSION = YES;
				CLANG_WARN_COMMA = YES;
				CLANG_WARN_CONSTANT_CONVERSION = YES;
				CLANG_WARN_DEPRECATED_OBJC_IMPLEMENTATIONS = YES;
				CLANG_WARN_DIRECT_OBJC_ISA_USAGE = YES_ERROR;
				CLANG_WARN_DOCUMENTATION_COMMENTS = YES;
				CLANG_WARN_EMPTY_BODY = YES;
				CLANG_WARN_ENUM_CONVERSION = YES;
				CLANG_WARN_INFINITE_RECURSION = YES;
				CLANG_WARN_INT_CONVERSION = YES;
				CLANG_WARN_NON_LITERAL_NULL_CONVERSION = YES;
				CLANG_WARN_OBJC_IMPLICIT_RETAIN_SELF = YES;
				CLANG_WARN_OBJC_LITERAL_CONVERSION = YES;
				CLANG_WARN_OBJC_ROOT_CLASS = YES_ERROR;
				CLANG_WARN_RANGE_LOOP_ANALYSIS = YES;
				CLANG_WARN_STRICT_PROTOTYPES = YES;
				CLANG_WARN_SUSPICIOUS_MOVE = YES;
				CLANG_WARN_UNGUARDED_AVAILABILITY = YES_AGGRESSIVE;
				CLANG_WARN_UNREACHABLE_CODE = YES;
				CLANG_WARN__DUPLICATE_METHOD_MATCH = YES;
				CODE_SIGN_IDENTITY = "iPhone Developer";
				COPY_PHASE_STRIP = NO;
				DEBUG_INFORMATION_FORMAT = "dwarf-with-dsym";
				ENABLE_NS_ASSERTIONS = NO;
				ENABLE_STRICT_OBJC_MSGSEND = YES;
				GCC_C_LANGUAGE_STANDARD = gnu11;
				GCC_NO_COMMON_BLOCKS = YES;
				GCC_WARN_64_TO_32_BIT_CONVERSION = YES;
				GCC_WARN_ABOUT_RETURN_TYPE = YES_ERROR;
				GCC_WARN_UNDECLARED_SELECTOR = YES;
				GCC_WARN_UNINITIALIZED_AUTOS = YES_AGGRESSIVE;
				GCC_WARN_UNUSED_FUNCTION = YES;
				GCC_WARN_UNUSED_VARIABLE = YES;
				IPHONEOS_DEPLOYMENT_TARGET = 12.2;
				MTL_ENABLE_DEBUG_INFO = NO;
				MTL_FAST_MATH = YES;
				SDKROOT = iphoneos;
				SWIFT_COMPILATION_MODE = wholemodule;
				SWIFT_OPTIMIZATION_LEVEL = "-O";
				VALIDATE_PRODUCT = YES;
			};
			name = Release;
		};
		55D0EE20231D2A79003FA995 /* Debug */ = {
			isa = XCBuildConfiguration;
			baseConfigurationReference = F7AA0BE530BE0AB62379CF0E /* Pods-MovieList.debug.xcconfig */;
			buildSettings = {
				ASSETCATALOG_COMPILER_APPICON_NAME = AppIcon;
				CODE_SIGN_STYLE = Automatic;
				INFOPLIST_FILE = MovieList/Info.plist;
				LD_RUNPATH_SEARCH_PATHS = (
					"$(inherited)",
					"@executable_path/Frameworks",
				);
				PRODUCT_BUNDLE_IDENTIFIER = com.scb.ios.MovieList;
				PRODUCT_NAME = "$(TARGET_NAME)";
				SWIFT_VERSION = 5.0;
				TARGETED_DEVICE_FAMILY = "1,2";
			};
			name = Debug;
		};
		55D0EE21231D2A79003FA995 /* Release */ = {
			isa = XCBuildConfiguration;
			baseConfigurationReference = 6C6EC17EB4E4598505B0CBEF /* Pods-MovieList.release.xcconfig */;
			buildSettings = {
				ASSETCATALOG_COMPILER_APPICON_NAME = AppIcon;
				CODE_SIGN_STYLE = Automatic;
				INFOPLIST_FILE = MovieList/Info.plist;
				LD_RUNPATH_SEARCH_PATHS = (
					"$(inherited)",
					"@executable_path/Frameworks",
				);
				PRODUCT_BUNDLE_IDENTIFIER = com.scb.ios.MovieList;
				PRODUCT_NAME = "$(TARGET_NAME)";
				SWIFT_VERSION = 5.0;
				TARGETED_DEVICE_FAMILY = "1,2";
			};
			name = Release;
		};
/* End XCBuildConfiguration section */

/* Begin XCConfigurationList section */
		55D0EE08231D2A78003FA995 /* Build configuration list for PBXProject "MovieList" */ = {
			isa = XCConfigurationList;
			buildConfigurations = (
				55D0EE1D231D2A79003FA995 /* Debug */,
				55D0EE1E231D2A79003FA995 /* Release */,
			);
			defaultConfigurationIsVisible = 0;
			defaultConfigurationName = Release;
		};
		55D0EE1F231D2A79003FA995 /* Build configuration list for PBXNativeTarget "MovieList" */ = {
			isa = XCConfigurationList;
			buildConfigurations = (
				55D0EE20231D2A79003FA995 /* Debug */,
				55D0EE21231D2A79003FA995 /* Release */,
			);
			defaultConfigurationIsVisible = 0;
			defaultConfigurationName = Release;
		};
/* End XCConfigurationList section */
	};
	rootObject = 55D0EE05231D2A78003FA995 /* Project object */;
}
