// !$*UTF8*$!
{
	archiveVersion = 1;
	classes = {
	};
	objectVersion = 50;
	objects = {

/* Begin PBXBuildFile section */
		55D0EE11231D2A78003FA995 /* AppDelegate.swift in Sources */ = {isa = PBXBuildFile; fileRef = 55D0EE10231D2A78003FA995 /* AppDelegate.swift */; };
		55D0EE18231D2A79003FA995 /* Assets.xcassets in Resources */ = {isa = PBXBuildFile; fileRef = 55D0EE17231D2A79003FA995 /* Assets.xcassets */; };
		55D0EE1B231D2A79003FA995 /* LaunchScreen.storyboard in Resources */ = {isa = PBXBuildFile; fileRef = 55D0EE19231D2A79003FA995 /* LaunchScreen.storyboard */; };
		55D0EE31231D2BA8003FA995 /* MainStore.swift in Sources */ = {isa = PBXBuildFile; fileRef = 55D0EE29231D2BA8003FA995 /* MainStore.swift */; };
		55D0EE32231D2BA8003FA995 /* MainPresenter.swift in Sources */ = {isa = PBXBuildFile; fileRef = 55D0EE2A231D2BA8003FA995 /* MainPresenter.swift */; };
		55D0EE33231D2BA8003FA995 /* MainWorker.swift in Sources */ = {isa = PBXBuildFile; fileRef = 55D0EE2B231D2BA8003FA995 /* MainWorker.swift */; };
		55D0EE34231D2BA8003FA995 /* MainRouter.swift in Sources */ = {isa = PBXBuildFile; fileRef = 55D0EE2C231D2BA8003FA995 /* MainRouter.swift */; };
		55D0EE35231D2BA8003FA995 /* MainModels.swift in Sources */ = {isa = PBXBuildFile; fileRef = 55D0EE2D231D2BA8003FA995 /* MainModels.swift */; };
		55D0EE36231D2BA8003FA995 /* MainViewController.swift in Sources */ = {isa = PBXBuildFile; fileRef = 55D0EE2E231D2BA8003FA995 /* MainViewController.swift */; };
		55D0EE37231D2BA8003FA995 /* MainInteractor.swift in Sources */ = {isa = PBXBuildFile; fileRef = 55D0EE2F231D2BA8003FA995 /* MainInteractor.swift */; };
		55D0EE38231D2BA8003FA995 /* MainEntity.swift in Sources */ = {isa = PBXBuildFile; fileRef = 55D0EE30231D2BA8003FA995 /* MainEntity.swift */; };
		55D0EE41231D2BD6003FA995 /* DetailStore.swift in Sources */ = {isa = PBXBuildFile; fileRef = 55D0EE39231D2BD6003FA995 /* DetailStore.swift */; };
		55D0EE42231D2BD6003FA995 /* DetailPresenter.swift in Sources */ = {isa = PBXBuildFile; fileRef = 55D0EE3A231D2BD6003FA995 /* DetailPresenter.swift */; };
		55D0EE43231D2BD6003FA995 /* DetailWorker.swift in Sources */ = {isa = PBXBuildFile; fileRef = 55D0EE3B231D2BD6003FA995 /* DetailWorker.swift */; };
		55D0EE44231D2BD6003FA995 /* DetailRouter.swift in Sources */ = {isa = PBXBuildFile; fileRef = 55D0EE3C231D2BD6003FA995 /* DetailRouter.swift */; };
		55D0EE45231D2BD6003FA995 /* DetailModels.swift in Sources */ = {isa = PBXBuildFile; fileRef = 55D0EE3D231D2BD6003FA995 /* DetailModels.swift */; };
		55D0EE46231D2BD6003FA995 /* DetailViewController.swift in Sources */ = {isa = PBXBuildFile; fileRef = 55D0EE3E231D2BD6003FA995 /* DetailViewController.swift */; };
		55D0EE47231D2BD6003FA995 /* DetailInteractor.swift in Sources */ = {isa = PBXBuildFile; fileRef = 55D0EE3F231D2BD6003FA995 /* DetailInteractor.swift */; };
		55D0EE48231D2BD6003FA995 /* DetailEntity.swift in Sources */ = {isa = PBXBuildFile; fileRef = 55D0EE40231D2BD6003FA995 /* DetailEntity.swift */; };
		55D0EE4F231D2CEF003FA995 /* MovieCell.swift in Sources */ = {isa = PBXBuildFile; fileRef = 55D0EE4D231D2CEF003FA995 /* MovieCell.swift */; };
		55D0EE50231D2CEF003FA995 /* MovieCell.xib in Resources */ = {isa = PBXBuildFile; fileRef = 55D0EE4E231D2CEF003FA995 /* MovieCell.xib */; };
/* End PBXBuildFile section */

/* Begin PBXFileReference section */
		55D0EE0D231D2A78003FA995 /* MovieList.app */ = {isa = PBXFileReference; explicitFileType = wrapper.application; includeInIndex = 0; path = MovieList.app; sourceTree = BUILT_PRODUCTS_DIR; };
		55D0EE10231D2A78003FA995 /* AppDelegate.swift */ = {isa = PBXFileReference; lastKnownFileType = sourcecode.swift; path = AppDelegate.swift; sourceTree = "<group>"; };
		55D0EE17231D2A79003FA995 /* Assets.xcassets */ = {isa = PBXFileReference; lastKnownFileType = folder.assetcatalog; path = Assets.xcassets; sourceTree = "<group>"; };
		55D0EE1A231D2A79003FA995 /* Base */ = {isa = PBXFileReference; lastKnownFileType = file.storyboard; name = Base; path = Base.lproj/LaunchScreen.storyboard; sourceTree = "<group>"; };
		55D0EE1C231D2A79003FA995 /* Info.plist */ = {isa = PBXFileReference; lastKnownFileType = text.plist.xml; path = Info.plist; sourceTree = "<group>"; };
		55D0EE29231D2BA8003FA995 /* MainStore.swift */ = {isa = PBXFileReference; lastKnownFileType = sourcecode.swift; path = MainStore.swift; sourceTree = "<group>"; };
		55D0EE2A231D2BA8003FA995 /* MainPresenter.swift */ = {isa = PBXFileReference; lastKnownFileType = sourcecode.swift; path = MainPresenter.swift; sourceTree = "<group>"; };
		55D0EE2B231D2BA8003FA995 /* MainWorker.swift */ = {isa = PBXFileReference; lastKnownFileType = sourcecode.swift; path = MainWorker.swift; sourceTree = "<group>"; };
		55D0EE2C231D2BA8003FA995 /* MainRouter.swift */ = {isa = PBXFileReference; lastKnownFileType = sourcecode.swift; path = MainRouter.swift; sourceTree = "<group>"; };
		55D0EE2D231D2BA8003FA995 /* MainModels.swift */ = {isa = PBXFileReference; lastKnownFileType = sourcecode.swift; path = MainModels.swift; sourceTree = "<group>"; };
		55D0EE2E231D2BA8003FA995 /* MainViewController.swift */ = {isa = PBXFileReference; lastKnownFileType = sourcecode.swift; path = MainViewController.swift; sourceTree = "<group>"; };
		55D0EE2F231D2BA8003FA995 /* MainInteractor.swift */ = {isa = PBXFileReference; lastKnownFileType = sourcecode.swift; path = MainInteractor.swift; sourceTree = "<group>"; };
		55D0EE30231D2BA8003FA995 /* MainEntity.swift */ = {isa = PBXFileReference; lastKnownFileType = sourcecode.swift; path = MainEntity.swift; sourceTree = "<group>"; };
		55D0EE39231D2BD6003FA995 /* DetailStore.swift */ = {isa = PBXFileReference; lastKnownFileType = sourcecode.swift; path = DetailStore.swift; sourceTree = "<group>"; };
		55D0EE3A231D2BD6003FA995 /* DetailPresenter.swift */ = {isa = PBXFileReference; lastKnownFileType = sourcecode.swift; path = DetailPresenter.swift; sourceTree = "<group>"; };
		55D0EE3B231D2BD6003FA995 /* DetailWorker.swift */ = {isa = PBXFileReference; lastKnownFileType = sourcecode.swift; path = DetailWorker.swift; sourceTree = "<group>"; };
		55D0EE3C231D2BD6003FA995 /* DetailRouter.swift */ = {isa = PBXFileReference; lastKnownFileType = sourcecode.swift; path = DetailRouter.swift; sourceTree = "<group>"; };
		55D0EE3D231D2BD6003FA995 /* DetailModels.swift */ = {isa = PBXFileReference; lastKnownFileType = sourcecode.swift; path = DetailModels.swift; sourceTree = "<group>"; };
		55D0EE3E231D2BD6003FA995 /* DetailViewController.swift */ = {isa = PBXFileReference; lastKnownFileType = sourcecode.swift; path = DetailViewController.swift; sourceTree = "<group>"; };
		55D0EE3F231D2BD6003FA995 /* DetailInteractor.swift */ = {isa = PBXFileReference; lastKnownFileType = sourcecode.swift; path = DetailInteractor.swift; sourceTree = "<group>"; };
		55D0EE40231D2BD6003FA995 /* DetailEntity.swift */ = {isa = PBXFileReference; lastKnownFileType = sourcecode.swift; path = DetailEntity.swift; sourceTree = "<group>"; };
		55D0EE4D231D2CEF003FA995 /* MovieCell.swift */ = {isa = PBXFileReference; lastKnownFileType = sourcecode.swift; path = MovieCell.swift; sourceTree = "<group>"; };
		55D0EE4E231D2CEF003FA995 /* MovieCell.xib */ = {isa = PBXFileReference; lastKnownFileType = file.xib; path = MovieCell.xib; sourceTree = "<group>"; };
/* End PBXFileReference section */

/* Begin PBXFrameworksBuildPhase section */
		55D0EE0A231D2A78003FA995 /* Frameworks */ = {
			isa = PBXFrameworksBuildPhase;
			buildActionMask = 2147483647;
			files = (
			);
			runOnlyForDeploymentPostprocessing = 0;
		};
/* End PBXFrameworksBuildPhase section */

/* Begin PBXGroup section */
		55D0EE04231D2A78003FA995 = {
			isa = PBXGroup;
			children = (
				55D0EE0F231D2A78003FA995 /* MovieList */,
				55D0EE0E231D2A78003FA995 /* Products */,
			);
			sourceTree = "<group>";
		};
		55D0EE0E231D2A78003FA995 /* Products */ = {
			isa = PBXGroup;
			children = (
				55D0EE0D231D2A78003FA995 /* MovieList.app */,
			);
			name = Products;
			sourceTree = "<group>";
		};
		55D0EE0F231D2A78003FA995 /* MovieList */ = {
			isa = PBXGroup;
			children = (
				55D0EE22231D2AD4003FA995 /* Scene */,
				55D0EE10231D2A78003FA995 /* AppDelegate.swift */,
				55D0EE17231D2A79003FA995 /* Assets.xcassets */,
				55D0EE19231D2A79003FA995 /* LaunchScreen.storyboard */,
				55D0EE1C231D2A79003FA995 /* Info.plist */,
			);
			path = MovieList;
			sourceTree = "<group>";
		};
		55D0EE22231D2AD4003FA995 /* Scene */ = {
			isa = PBXGroup;
			children = (
				55D0EE26231D2B3C003FA995 /* Main */,
				55D0EE27231D2B47003FA995 /* Detail */,
				55D0EE25231D2B32003FA995 /* Model */,
				55D0EE24231D2B26003FA995 /* Store */,
				55D0EE23231D2B20003FA995 /* Worker */,
			);
			path = Scene;
			sourceTree = "<group>";
		};
		55D0EE23231D2B20003FA995 /* Worker */ = {
			isa = PBXGroup;
			children = (
			);
			path = Worker;
			sourceTree = "<group>";
		};
		55D0EE24231D2B26003FA995 /* Store */ = {
			isa = PBXGroup;
			children = (
			);
			path = Store;
			sourceTree = "<group>";
		};
		55D0EE25231D2B32003FA995 /* Model */ = {
			isa = PBXGroup;
			children = (
			);
			path = Model;
			sourceTree = "<group>";
		};
		55D0EE26231D2B3C003FA995 /* Main */ = {
			isa = PBXGroup;
			children = (
				55D0EE28231D2B58003FA995 /* Cell */,
				55D0EE2E231D2BA8003FA995 /* MainViewController.swift */,
				55D0EE2F231D2BA8003FA995 /* MainInteractor.swift */,
				55D0EE2A231D2BA8003FA995 /* MainPresenter.swift */,
				55D0EE2B231D2BA8003FA995 /* MainWorker.swift */,
				55D0EE2C231D2BA8003FA995 /* MainRouter.swift */,
				55D0EE29231D2BA8003FA995 /* MainStore.swift */,
				55D0EE2D231D2BA8003FA995 /* MainModels.swift */,
				55D0EE30231D2BA8003FA995 /* MainEntity.swift */,
			);
			path = Main;
			sourceTree = "<group>";
		};
		55D0EE27231D2B47003FA995 /* Detail */ = {
			isa = PBXGroup;
			children = (
				55D0EE3E231D2BD6003FA995 /* DetailViewController.swift */,
				55D0EE3F231D2BD6003FA995 /* DetailInteractor.swift */,
				55D0EE3A231D2BD6003FA995 /* DetailPresenter.swift */,
				55D0EE39231D2BD6003FA995 /* DetailStore.swift */,
				55D0EE3B231D2BD6003FA995 /* DetailWorker.swift */,
				55D0EE3C231D2BD6003FA995 /* DetailRouter.swift */,
				55D0EE3D231D2BD6003FA995 /* DetailModels.swift */,
				55D0EE40231D2BD6003FA995 /* DetailEntity.swift */,
			);
			path = Detail;
			sourceTree = "<group>";
		};
		55D0EE28231D2B58003FA995 /* Cell */ = {
			isa = PBXGroup;
			children = (
				55D0EE4D231D2CEF003FA995 /* MovieCell.swift */,
				55D0EE4E231D2CEF003FA995 /* MovieCell.xib */,
			);
			path = Cell;
			sourceTree = "<group>";
		};
/* End PBXGroup section */

/* Begin PBXNativeTarget section */
		55D0EE0C231D2A78003FA995 /* MovieList */ = {
			isa = PBXNativeTarget;
			buildConfigurationList = 55D0EE1F231D2A79003FA995 /* Build configuration list for PBXNativeTarget "MovieList" */;
			buildPhases = (
				55D0EE09231D2A78003FA995 /* Sources */,
				55D0EE0A231D2A78003FA995 /* Frameworks */,
				55D0EE0B231D2A78003FA995 /* Resources */,
			);
			buildRules = (
			);
			dependencies = (
			);
			name = MovieList;
			productName = MovieList;
			productReference = 55D0EE0D231D2A78003FA995 /* MovieList.app */;
			productType = "com.apple.product-type.application";
		};
/* End PBXNativeTarget section */

/* Begin PBXProject section */
		55D0EE05231D2A78003FA995 /* Project object */ = {
			isa = PBXProject;
			attributes = {
				LastSwiftUpdateCheck = 1020;
				LastUpgradeCheck = 1020;
				ORGANIZATIONNAME = "Nanthicha Kritveeranant";
				TargetAttributes = {
					55D0EE0C231D2A78003FA995 = {
						CreatedOnToolsVersion = 10.2.1;
					};
				};
			};
			buildConfigurationList = 55D0EE08231D2A78003FA995 /* Build configuration list for PBXProject "MovieList" */;
			compatibilityVersion = "Xcode 9.3";
			developmentRegion = en;
			hasScannedForEncodings = 0;
			knownRegions = (
				en,
				Base,
			);
			mainGroup = 55D0EE04231D2A78003FA995;
			productRefGroup = 55D0EE0E231D2A78003FA995 /* Products */;
			projectDirPath = "";
			projectRoot = "";
			targets = (
				55D0EE0C231D2A78003FA995 /* MovieList */,
			);
		};
/* End PBXProject section */

/* Begin PBXResourcesBuildPhase section */
		55D0EE0B231D2A78003FA995 /* Resources */ = {
			isa = PBXResourcesBuildPhase;
			buildActionMask = 2147483647;
			files = (
				55D0EE50231D2CEF003FA995 /* MovieCell.xib in Resources */,
				55D0EE1B231D2A79003FA995 /* LaunchScreen.storyboard in Resources */,
				55D0EE18231D2A79003FA995 /* Assets.xcassets in Resources */,
			);
			runOnlyForDeploymentPostprocessing = 0;
		};
/* End PBXResourcesBuildPhase section */

/* Begin PBXSourcesBuildPhase section */
		55D0EE09231D2A78003FA995 /* Sources */ = {
			isa = PBXSourcesBuildPhase;
			buildActionMask = 2147483647;
			files = (
				55D0EE36231D2BA8003FA995 /* MainViewController.swift in Sources */,
				55D0EE34231D2BA8003FA995 /* MainRouter.swift in Sources */,
				55D0EE4F231D2CEF003FA995 /* MovieCell.swift in Sources */,
				55D0EE45231D2BD6003FA995 /* DetailModels.swift in Sources */,
				55D0EE31231D2BA8003FA995 /* MainStore.swift in Sources */,
				55D0EE44231D2BD6003FA995 /* DetailRouter.swift in Sources */,
				55D0EE35231D2BA8003FA995 /* MainModels.swift in Sources */,
				55D0EE42231D2BD6003FA995 /* DetailPresenter.swift in Sources */,
				55D0EE32231D2BA8003FA995 /* MainPresenter.swift in Sources */,
				55D0EE33231D2BA8003FA995 /* MainWorker.swift in Sources */,
				55D0EE11231D2A78003FA995 /* AppDelegate.swift in Sources */,
				55D0EE37231D2BA8003FA995 /* MainInteractor.swift in Sources */,
				55D0EE41231D2BD6003FA995 /* DetailStore.swift in Sources */,
				55D0EE46231D2BD6003FA995 /* DetailViewController.swift in Sources */,
				55D0EE43231D2BD6003FA995 /* DetailWorker.swift in Sources */,
				55D0EE48231D2BD6003FA995 /* DetailEntity.swift in Sources */,
				55D0EE38231D2BA8003FA995 /* MainEntity.swift in Sources */,
				55D0EE47231D2BD6003FA995 /* DetailInteractor.swift in Sources */,
			);
			runOnlyForDeploymentPostprocessing = 0;
		};
/* End PBXSourcesBuildPhase section */

/* Begin PBXVariantGroup section */
		55D0EE19231D2A79003FA995 /* LaunchScreen.storyboard */ = {
			isa = PBXVariantGroup;
			children = (
				55D0EE1A231D2A79003FA995 /* Base */,
			);
			name = LaunchScreen.storyboard;
			sourceTree = "<group>";
		};
/* End PBXVariantGroup section */

/* Begin XCBuildConfiguration section */
		55D0EE1D231D2A79003FA995 /* Debug */ = {
			isa = XCBuildConfiguration;
			buildSettings = {
				ALWAYS_SEARCH_USER_PATHS = NO;
				CLANG_ANALYZER_NONNULL = YES;
				CLANG_ANALYZER_NUMBER_OBJECT_CONVERSION = YES_AGGRESSIVE;
				CLANG_CXX_LANGUAGE_STANDARD = "gnu++14";
				CLANG_CXX_LIBRARY = "libc++";
				CLANG_ENABLE_MODULES = YES;
				CLANG_ENABLE_OBJC_ARC = YES;
				CLANG_ENABLE_OBJC_WEAK = YES;
				CLANG_WARN_BLOCK_CAPTURE_AUTORELEASING = YES;
				CLANG_WARN_BOOL_CONVERSION = YES;
				CLANG_WARN_COMMA = YES;
				CLANG_WARN_CONSTANT_CONVERSION = YES;
				CLANG_WARN_DEPRECATED_OBJC_IMPLEMENTATIONS = YES;
				CLANG_WARN_DIRECT_OBJC_ISA_USAGE = YES_ERROR;
				CLANG_WARN_DOCUMENTATION_COMMENTS = YES;
				CLANG_WARN_EMPTY_BODY = YES;
				CLANG_WARN_ENUM_CONVERSION = YES;
				CLANG_WARN_INFINITE_RECURSION = YES;
				CLANG_WARN_INT_CONVERSION = YES;
				CLANG_WARN_NON_LITERAL_NULL_CONVERSION = YES;
				CLANG_WARN_OBJC_IMPLICIT_RETAIN_SELF = YES;
				CLANG_WARN_OBJC_LITERAL_CONVERSION = YES;
				CLANG_WARN_OBJC_ROOT_CLASS = YES_ERROR;
				CLANG_WARN_RANGE_LOOP_ANALYSIS = YES;
				CLANG_WARN_STRICT_PROTOTYPES = YES;
				CLANG_WARN_SUSPICIOUS_MOVE = YES;
				CLANG_WARN_UNGUARDED_AVAILABILITY = YES_AGGRESSIVE;
				CLANG_WARN_UNREACHABLE_CODE = YES;
				CLANG_WARN__DUPLICATE_METHOD_MATCH = YES;
				CODE_SIGN_IDENTITY = "iPhone Developer";
				COPY_PHASE_STRIP = NO;
				DEBUG_INFORMATION_FORMAT = dwarf;
				ENABLE_STRICT_OBJC_MSGSEND = YES;
				ENABLE_TESTABILITY = YES;
				GCC_C_LANGUAGE_STANDARD = gnu11;
				GCC_DYNAMIC_NO_PIC = NO;
				GCC_NO_COMMON_BLOCKS = YES;
				GCC_OPTIMIZATION_LEVEL = 0;
				GCC_PREPROCESSOR_DEFINITIONS = (
					"DEBUG=1",
					"$(inherited)",
				);
				GCC_WARN_64_TO_32_BIT_CONVERSION = YES;
				GCC_WARN_ABOUT_RETURN_TYPE = YES_ERROR;
				GCC_WARN_UNDECLARED_SELECTOR = YES;
				GCC_WARN_UNINITIALIZED_AUTOS = YES_AGGRESSIVE;
				GCC_WARN_UNUSED_FUNCTION = YES;
				GCC_WARN_UNUSED_VARIABLE = YES;
				IPHONEOS_DEPLOYMENT_TARGET = 12.2;
				MTL_ENABLE_DEBUG_INFO = INCLUDE_SOURCE;
				MTL_FAST_MATH = YES;
				ONLY_ACTIVE_ARCH = YES;
				SDKROOT = iphoneos;
				SWIFT_ACTIVE_COMPILATION_CONDITIONS = DEBUG;
				SWIFT_OPTIMIZATION_LEVEL = "-Onone";
			};
			name = Debug;
		};
		55D0EE1E231D2A79003FA995 /* Release */ = {
			isa = XCBuildConfiguration;
			buildSettings = {
				ALWAYS_SEARCH_USER_PATHS = NO;
				CLANG_ANALYZER_NONNULL = YES;
				CLANG_ANALYZER_NUMBER_OBJECT_CONVERSION = YES_AGGRESSIVE;
				CLANG_CXX_LANGUAGE_STANDARD = "gnu++14";
				CLANG_CXX_LIBRARY = "libc++";
				CLANG_ENABLE_MODULES = YES;
				CLANG_ENABLE_OBJC_ARC = YES;
				CLANG_ENABLE_OBJC_WEAK = YES;
				CLANG_WARN_BLOCK_CAPTURE_AUTORELEASING = YES;
				CLANG_WARN_BOOL_CONVERSION = YES;
				CLANG_WARN_COMMA = YES;
				CLANG_WARN_CONSTANT_CONVERSION = YES;
				CLANG_WARN_DEPRECATED_OBJC_IMPLEMENTATIONS = YES;
				CLANG_WARN_DIRECT_OBJC_ISA_USAGE = YES_ERROR;
				CLANG_WARN_DOCUMENTATION_COMMENTS = YES;
				CLANG_WARN_EMPTY_BODY = YES;
				CLANG_WARN_ENUM_CONVERSION = YES;
				CLANG_WARN_INFINITE_RECURSION = YES;
				CLANG_WARN_INT_CONVERSION = YES;
				CLANG_WARN_NON_LITERAL_NULL_CONVERSION = YES;
				CLANG_WARN_OBJC_IMPLICIT_RETAIN_SELF = YES;
				CLANG_WARN_OBJC_LITERAL_CONVERSION = YES;
				CLANG_WARN_OBJC_ROOT_CLASS = YES_ERROR;
				CLANG_WARN_RANGE_LOOP_ANALYSIS = YES;
				CLANG_WARN_STRICT_PROTOTYPES = YES;
				CLANG_WARN_SUSPICIOUS_MOVE = YES;
				CLANG_WARN_UNGUARDED_AVAILABILITY = YES_AGGRESSIVE;
				CLANG_WARN_UNREACHABLE_CODE = YES;
				CLANG_WARN__DUPLICATE_METHOD_MATCH = YES;
				CODE_SIGN_IDENTITY = "iPhone Developer";
				COPY_PHASE_STRIP = NO;
				DEBUG_INFORMATION_FORMAT = "dwarf-with-dsym";
				ENABLE_NS_ASSERTIONS = NO;
				ENABLE_STRICT_OBJC_MSGSEND = YES;
				GCC_C_LANGUAGE_STANDARD = gnu11;
				GCC_NO_COMMON_BLOCKS = YES;
				GCC_WARN_64_TO_32_BIT_CONVERSION = YES;
				GCC_WARN_ABOUT_RETURN_TYPE = YES_ERROR;
				GCC_WARN_UNDECLARED_SELECTOR = YES;
				GCC_WARN_UNINITIALIZED_AUTOS = YES_AGGRESSIVE;
				GCC_WARN_UNUSED_FUNCTION = YES;
				GCC_WARN_UNUSED_VARIABLE = YES;
				IPHONEOS_DEPLOYMENT_TARGET = 12.2;
				MTL_ENABLE_DEBUG_INFO = NO;
				MTL_FAST_MATH = YES;
				SDKROOT = iphoneos;
				SWIFT_COMPILATION_MODE = wholemodule;
				SWIFT_OPTIMIZATION_LEVEL = "-O";
				VALIDATE_PRODUCT = YES;
			};
			name = Release;
		};
		55D0EE20231D2A79003FA995 /* Debug */ = {
			isa = XCBuildConfiguration;
			buildSettings = {
				ASSETCATALOG_COMPILER_APPICON_NAME = AppIcon;
				CODE_SIGN_STYLE = Automatic;
				INFOPLIST_FILE = MovieList/Info.plist;
				LD_RUNPATH_SEARCH_PATHS = (
					"$(inherited)",
					"@executable_path/Frameworks",
				);
				PRODUCT_BUNDLE_IDENTIFIER = com.scb.ios.MovieList;
				PRODUCT_NAME = "$(TARGET_NAME)";
				SWIFT_VERSION = 5.0;
				TARGETED_DEVICE_FAMILY = "1,2";
			};
			name = Debug;
		};
		55D0EE21231D2A79003FA995 /* Release */ = {
			isa = XCBuildConfiguration;
			buildSettings = {
				ASSETCATALOG_COMPILER_APPICON_NAME = AppIcon;
				CODE_SIGN_STYLE = Automatic;
				INFOPLIST_FILE = MovieList/Info.plist;
				LD_RUNPATH_SEARCH_PATHS = (
					"$(inherited)",
					"@executable_path/Frameworks",
				);
				PRODUCT_BUNDLE_IDENTIFIER = com.scb.ios.MovieList;
				PRODUCT_NAME = "$(TARGET_NAME)";
				SWIFT_VERSION = 5.0;
				TARGETED_DEVICE_FAMILY = "1,2";
			};
			name = Release;
		};
/* End XCBuildConfiguration section */

/* Begin XCConfigurationList section */
		55D0EE08231D2A78003FA995 /* Build configuration list for PBXProject "MovieList" */ = {
			isa = XCConfigurationList;
			buildConfigurations = (
				55D0EE1D231D2A79003FA995 /* Debug */,
				55D0EE1E231D2A79003FA995 /* Release */,
			);
			defaultConfigurationIsVisible = 0;
			defaultConfigurationName = Release;
		};
		55D0EE1F231D2A79003FA995 /* Build configuration list for PBXNativeTarget "MovieList" */ = {
			isa = XCConfigurationList;
			buildConfigurations = (
				55D0EE20231D2A79003FA995 /* Debug */,
				55D0EE21231D2A79003FA995 /* Release */,
			);
			defaultConfigurationIsVisible = 0;
			defaultConfigurationName = Release;
		};
/* End XCConfigurationList section */
	};
	rootObject = 55D0EE05231D2A78003FA995 /* Project object */;
}
